// !$*UTF8*$!
{
	archiveVersion = 1;
	classes = {
	};
	objectVersion = 50;
	objects = {

/* Begin PBXBuildFile section */
		BD4547B022E96E7A00AB195D /* AppDelegate.swift in Sources */ = {isa = PBXBuildFile; fileRef = BD4547AF22E96E7A00AB195D /* AppDelegate.swift */; };
		BD4547B222E96E7A00AB195D /* ViewController.swift in Sources */ = {isa = PBXBuildFile; fileRef = BD4547B122E96E7A00AB195D /* ViewController.swift */; };
		BD4547B522E96E7A00AB195D /* Main.storyboard in Resources */ = {isa = PBXBuildFile; fileRef = BD4547B322E96E7A00AB195D /* Main.storyboard */; };
		BD4547B822E96E7A00AB195D /* DefinesPresentationContext.xcdatamodeld in Sources */ = {isa = PBXBuildFile; fileRef = BD4547B622E96E7A00AB195D /* DefinesPresentationContext.xcdatamodeld */; };
		BD4547BA22E96E7C00AB195D /* Assets.xcassets in Resources */ = {isa = PBXBuildFile; fileRef = BD4547B922E96E7C00AB195D /* Assets.xcassets */; };
		BD4547BD22E96E7C00AB195D /* LaunchScreen.storyboard in Resources */ = {isa = PBXBuildFile; fileRef = BD4547BB22E96E7C00AB195D /* LaunchScreen.storyboard */; };
		BD4547C822E96E7D00AB195D /* DefinesPresentationContextTests.swift in Sources */ = {isa = PBXBuildFile; fileRef = BD4547C722E96E7D00AB195D /* DefinesPresentationContextTests.swift */; };
/* End PBXBuildFile section */

/* Begin PBXContainerItemProxy section */
		BD4547C422E96E7D00AB195D /* PBXContainerItemProxy */ = {
			isa = PBXContainerItemProxy;
			containerPortal = BD4547A422E96E7A00AB195D /* Project object */;
			proxyType = 1;
			remoteGlobalIDString = BD4547AB22E96E7A00AB195D;
			remoteInfo = DefinesPresentationContext;
		};
/* End PBXContainerItemProxy section */

/* Begin PBXFileReference section */
		BD4547AC22E96E7A00AB195D /* DefinesPresentationContext.app */ = {isa = PBXFileReference; explicitFileType = wrapper.application; includeInIndex = 0; path = DefinesPresentationContext.app; sourceTree = BUILT_PRODUCTS_DIR; };
		BD4547AF22E96E7A00AB195D /* AppDelegate.swift */ = {isa = PBXFileReference; lastKnownFileType = sourcecode.swift; path = AppDelegate.swift; sourceTree = "<group>"; };
		BD4547B122E96E7A00AB195D /* ViewController.swift */ = {isa = PBXFileReference; lastKnownFileType = sourcecode.swift; path = ViewController.swift; sourceTree = "<group>"; };
		BD4547B422E96E7A00AB195D /* Base */ = {isa = PBXFileReference; lastKnownFileType = file.storyboard; name = Base; path = Base.lproj/Main.storyboard; sourceTree = "<group>"; };
		BD4547B722E96E7A00AB195D /* DefinesPresentationContext.xcdatamodel */ = {isa = PBXFileReference; lastKnownFileType = wrapper.xcdatamodel; path = DefinesPresentationContext.xcdatamodel; sourceTree = "<group>"; };
		BD4547B922E96E7C00AB195D /* Assets.xcassets */ = {isa = PBXFileReference; lastKnownFileType = folder.assetcatalog; path = Assets.xcassets; sourceTree = "<group>"; };
		BD4547BC22E96E7C00AB195D /* Base */ = {isa = PBXFileReference; lastKnownFileType = file.storyboard; name = Base; path = Base.lproj/LaunchScreen.storyboard; sourceTree = "<group>"; };
		BD4547BE22E96E7C00AB195D /* Info.plist */ = {isa = PBXFileReference; lastKnownFileType = text.plist.xml; path = Info.plist; sourceTree = "<group>"; };
		BD4547C322E96E7D00AB195D /* DefinesPresentationContextTests.xctest */ = {isa = PBXFileReference; explicitFileType = wrapper.cfbundle; includeInIndex = 0; path = DefinesPresentationContextTests.xctest; sourceTree = BUILT_PRODUCTS_DIR; };
		BD4547C722E96E7D00AB195D /* DefinesPresentationContextTests.swift */ = {isa = PBXFileReference; lastKnownFileType = sourcecode.swift; path = DefinesPresentationContextTests.swift; sourceTree = "<group>"; };
		BD4547C922E96E7D00AB195D /* Info.plist */ = {isa = PBXFileReference; lastKnownFileType = text.plist.xml; path = Info.plist; sourceTree = "<group>"; };
/* End PBXFileReference section */

/* Begin PBXFrameworksBuildPhase section */
		BD4547A922E96E7A00AB195D /* Frameworks */ = {
			isa = PBXFrameworksBuildPhase;
			buildActionMask = 2147483647;
			files = (
			);
			runOnlyForDeploymentPostprocessing = 0;
		};
		BD4547C022E96E7D00AB195D /* Frameworks */ = {
			isa = PBXFrameworksBuildPhase;
			buildActionMask = 2147483647;
			files = (
			);
			runOnlyForDeploymentPostprocessing = 0;
		};
/* End PBXFrameworksBuildPhase section */

/* Begin PBXGroup section */
		BD4547A322E96E7A00AB195D = {
			isa = PBXGroup;
			children = (
				BD4547AE22E96E7A00AB195D /* DefinesPresentationContext */,
				BD4547C622E96E7D00AB195D /* DefinesPresentationContextTests */,
				BD4547AD22E96E7A00AB195D /* Products */,
			);
			sourceTree = "<group>";
		};
		BD4547AD22E96E7A00AB195D /* Products */ = {
			isa = PBXGroup;
			children = (
				BD4547AC22E96E7A00AB195D /* DefinesPresentationContext.app */,
				BD4547C322E96E7D00AB195D /* DefinesPresentationContextTests.xctest */,
			);
			name = Products;
			sourceTree = "<group>";
		};
		BD4547AE22E96E7A00AB195D /* DefinesPresentationContext */ = {
			isa = PBXGroup;
			children = (
				BD4547AF22E96E7A00AB195D /* AppDelegate.swift */,
				BD4547B122E96E7A00AB195D /* ViewController.swift */,
				BD4547B322E96E7A00AB195D /* Main.storyboard */,
				BD4547B922E96E7C00AB195D /* Assets.xcassets */,
				BD4547BB22E96E7C00AB195D /* LaunchScreen.storyboard */,
				BD4547BE22E96E7C00AB195D /* Info.plist */,
				BD4547B622E96E7A00AB195D /* DefinesPresentationContext.xcdatamodeld */,
			);
			path = DefinesPresentationContext;
			sourceTree = "<group>";
		};
		BD4547C622E96E7D00AB195D /* DefinesPresentationContextTests */ = {
			isa = PBXGroup;
			children = (
				BD4547C722E96E7D00AB195D /* DefinesPresentationContextTests.swift */,
				BD4547C922E96E7D00AB195D /* Info.plist */,
			);
			path = DefinesPresentationContextTests;
			sourceTree = "<group>";
		};
/* End PBXGroup section */

/* Begin PBXNativeTarget section */
		BD4547AB22E96E7A00AB195D /* DefinesPresentationContext */ = {
			isa = PBXNativeTarget;
			buildConfigurationList = BD4547CC22E96E7D00AB195D /* Build configuration list for PBXNativeTarget "DefinesPresentationContext" */;
			buildPhases = (
				BD4547A822E96E7A00AB195D /* Sources */,
				BD4547A922E96E7A00AB195D /* Frameworks */,
				BD4547AA22E96E7A00AB195D /* Resources */,
			);
			buildRules = (
			);
			dependencies = (
			);
			name = DefinesPresentationContext;
			productName = DefinesPresentationContext;
			productReference = BD4547AC22E96E7A00AB195D /* DefinesPresentationContext.app */;
			productType = "com.apple.product-type.application";
		};
		BD4547C222E96E7D00AB195D /* DefinesPresentationContextTests */ = {
			isa = PBXNativeTarget;
			buildConfigurationList = BD4547CF22E96E7D00AB195D /* Build configuration list for PBXNativeTarget "DefinesPresentationContextTests" */;
			buildPhases = (
				BD4547BF22E96E7D00AB195D /* Sources */,
				BD4547C022E96E7D00AB195D /* Frameworks */,
				BD4547C122E96E7D00AB195D /* Resources */,
			);
			buildRules = (
			);
			dependencies = (
				BD4547C522E96E7D00AB195D /* PBXTargetDependency */,
			);
			name = DefinesPresentationContextTests;
			productName = DefinesPresentationContextTests;
			productReference = BD4547C322E96E7D00AB195D /* DefinesPresentationContextTests.xctest */;
			productType = "com.apple.product-type.bundle.unit-test";
		};
/* End PBXNativeTarget section */

/* Begin PBXProject section */
		BD4547A422E96E7A00AB195D /* Project object */ = {
			isa = PBXProject;
			attributes = {
				LastSwiftUpdateCheck = 1020;
				LastUpgradeCheck = 1020;
				ORGANIZATIONNAME = hucet;
				TargetAttributes = {
					BD4547AB22E96E7A00AB195D = {
						CreatedOnToolsVersion = 10.2.1;
					};
					BD4547C222E96E7D00AB195D = {
						CreatedOnToolsVersion = 10.2.1;
						TestTargetID = BD4547AB22E96E7A00AB195D;
					};
				};
			};
			buildConfigurationList = BD4547A722E96E7A00AB195D /* Build configuration list for PBXProject "DefinesPresentationContext" */;
			compatibilityVersion = "Xcode 9.3";
			developmentRegion = en;
			hasScannedForEncodings = 0;
			knownRegions = (
				en,
				Base,
			);
			mainGroup = BD4547A322E96E7A00AB195D;
			productRefGroup = BD4547AD22E96E7A00AB195D /* Products */;
			projectDirPath = "";
			projectRoot = "";
			targets = (
				BD4547AB22E96E7A00AB195D /* DefinesPresentationContext */,
				BD4547C222E96E7D00AB195D /* DefinesPresentationContextTests */,
			);
		};
/* End PBXProject section */

/* Begin PBXResourcesBuildPhase section */
		BD4547AA22E96E7A00AB195D /* Resources */ = {
			isa = PBXResourcesBuildPhase;
			buildActionMask = 2147483647;
			files = (
				BD4547BD22E96E7C00AB195D /* LaunchScreen.storyboard in Resources */,
				BD4547BA22E96E7C00AB195D /* Assets.xcassets in Resources */,
				BD4547B522E96E7A00AB195D /* Main.storyboard in Resources */,
			);
			runOnlyForDeploymentPostprocessing = 0;
		};
		BD4547C122E96E7D00AB195D /* Resources */ = {
			isa = PBXResourcesBuildPhase;
			buildActionMask = 2147483647;
			files = (
			);
			runOnlyForDeploymentPostprocessing = 0;
		};
/* End PBXResourcesBuildPhase section */

/* Begin PBXSourcesBuildPhase section */
		BD4547A822E96E7A00AB195D /* Sources */ = {
			isa = PBXSourcesBuildPhase;
			buildActionMask = 2147483647;
			files = (
				BD4547B822E96E7A00AB195D /* DefinesPresentationContext.xcdatamodeld in Sources */,
				BD4547B222E96E7A00AB195D /* ViewController.swift in Sources */,
				BD4547B022E96E7A00AB195D /* AppDelegate.swift in Sources */,
			);
			runOnlyForDeploymentPostprocessing = 0;
		};
		BD4547BF22E96E7D00AB195D /* Sources */ = {
			isa = PBXSourcesBuildPhase;
			buildActionMask = 2147483647;
			files = (
				BD4547C822E96E7D00AB195D /* DefinesPresentationContextTests.swift in Sources */,
			);
			runOnlyForDeploymentPostprocessing = 0;
		};
/* End PBXSourcesBuildPhase section */

/* Begin PBXTargetDependency section */
		BD4547C522E96E7D00AB195D /* PBXTargetDependency */ = {
			isa = PBXTargetDependency;
			target = BD4547AB22E96E7A00AB195D /* DefinesPresentationContext */;
			targetProxy = BD4547C422E96E7D00AB195D /* PBXContainerItemProxy */;
		};
/* End PBXTargetDependency section */

/* Begin PBXVariantGroup section */
		BD4547B322E96E7A00AB195D /* Main.storyboard */ = {
			isa = PBXVariantGroup;
			children = (
				BD4547B422E96E7A00AB195D /* Base */,
			);
			name = Main.storyboard;
			sourceTree = "<group>";
		};
		BD4547BB22E96E7C00AB195D /* LaunchScreen.storyboard */ = {
			isa = PBXVariantGroup;
			children = (
				BD4547BC22E96E7C00AB195D /* Base */,
			);
			name = LaunchScreen.storyboard;
			sourceTree = "<group>";
		};
/* End PBXVariantGroup section */

/* Begin XCBuildConfiguration section */
		BD4547CA22E96E7D00AB195D /* Debug */ = {
			isa = XCBuildConfiguration;
			buildSettings = {
				ALWAYS_SEARCH_USER_PATHS = NO;
				CLANG_ANALYZER_NONNULL = YES;
				CLANG_ANALYZER_NUMBER_OBJECT_CONVERSION = YES_AGGRESSIVE;
				CLANG_CXX_LANGUAGE_STANDARD = "gnu++14";
				CLANG_CXX_LIBRARY = "libc++";
				CLANG_ENABLE_MODULES = YES;
				CLANG_ENABLE_OBJC_ARC = YES;
				CLANG_ENABLE_OBJC_WEAK = YES;
				CLANG_WARN_BLOCK_CAPTURE_AUTORELEASING = YES;
				CLANG_WARN_BOOL_CONVERSION = YES;
				CLANG_WARN_COMMA = YES;
				CLANG_WARN_CONSTANT_CONVERSION = YES;
				CLANG_WARN_DEPRECATED_OBJC_IMPLEMENTATIONS = YES;
				CLANG_WARN_DIRECT_OBJC_ISA_USAGE = YES_ERROR;
				CLANG_WARN_DOCUMENTATION_COMMENTS = YES;
				CLANG_WARN_EMPTY_BODY = YES;
				CLANG_WARN_ENUM_CONVERSION = YES;
				CLANG_WARN_INFINITE_RECURSION = YES;
				CLANG_WARN_INT_CONVERSION = YES;
				CLANG_WARN_NON_LITERAL_NULL_CONVERSION = YES;
				CLANG_WARN_OBJC_IMPLICIT_RETAIN_SELF = YES;
				CLANG_WARN_OBJC_LITERAL_CONVERSION = YES;
				CLANG_WARN_OBJC_ROOT_CLASS = YES_ERROR;
				CLANG_WARN_RANGE_LOOP_ANALYSIS = YES;
				CLANG_WARN_STRICT_PROTOTYPES = YES;
				CLANG_WARN_SUSPICIOUS_MOVE = YES;
				CLANG_WARN_UNGUARDED_AVAILABILITY = YES_AGGRESSIVE;
				CLANG_WARN_UNREACHABLE_CODE = YES;
				CLANG_WARN__DUPLICATE_METHOD_MATCH = YES;
				CODE_SIGN_IDENTITY = "iPhone Developer";
				COPY_PHASE_STRIP = NO;
				DEBUG_INFORMATION_FORMAT = dwarf;
				ENABLE_STRICT_OBJC_MSGSEND = YES;
				ENABLE_TESTABILITY = YES;
				GCC_C_LANGUAGE_STANDARD = gnu11;
				GCC_DYNAMIC_NO_PIC = NO;
				GCC_NO_COMMON_BLOCKS = YES;
				GCC_OPTIMIZATION_LEVEL = 0;
				GCC_PREPROCESSOR_DEFINITIONS = (
					"DEBUG=1",
					"$(inherited)",
				);
				GCC_WARN_64_TO_32_BIT_CONVERSION = YES;
				GCC_WARN_ABOUT_RETURN_TYPE = YES_ERROR;
				GCC_WARN_UNDECLARED_SELECTOR = YES;
				GCC_WARN_UNINITIALIZED_AUTOS = YES_AGGRESSIVE;
				GCC_WARN_UNUSED_FUNCTION = YES;
				GCC_WARN_UNUSED_VARIABLE = YES;
				IPHONEOS_DEPLOYMENT_TARGET = 12.2;
				MTL_ENABLE_DEBUG_INFO = INCLUDE_SOURCE;
				MTL_FAST_MATH = YES;
				ONLY_ACTIVE_ARCH = YES;
				SDKROOT = iphoneos;
				SWIFT_ACTIVE_COMPILATION_CONDITIONS = DEBUG;
				SWIFT_OPTIMIZATION_LEVEL = "-Onone";
			};
			name = Debug;
		};
		BD4547CB22E96E7D00AB195D /* Release */ = {
			isa = XCBuildConfiguration;
			buildSettings = {
				ALWAYS_SEARCH_USER_PATHS = NO;
				CLANG_ANALYZER_NONNULL = YES;
				CLANG_ANALYZER_NUMBER_OBJECT_CONVERSION = YES_AGGRESSIVE;
				CLANG_CXX_LANGUAGE_STANDARD = "gnu++14";
				CLANG_CXX_LIBRARY = "libc++";
				CLANG_ENABLE_MODULES = YES;
				CLANG_ENABLE_OBJC_ARC = YES;
				CLANG_ENABLE_OBJC_WEAK = YES;
				CLANG_WARN_BLOCK_CAPTURE_AUTORELEASING = YES;
				CLANG_WARN_BOOL_CONVERSION = YES;
				CLANG_WARN_COMMA = YES;
				CLANG_WARN_CONSTANT_CONVERSION = YES;
				CLANG_WARN_DEPRECATED_OBJC_IMPLEMENTATIONS = YES;
				CLANG_WARN_DIRECT_OBJC_ISA_USAGE = YES_ERROR;
				CLANG_WARN_DOCUMENTATION_COMMENTS = YES;
				CLANG_WARN_EMPTY_BODY = YES;
				CLANG_WARN_ENUM_CONVERSION = YES;
				CLANG_WARN_INFINITE_RECURSION = YES;
				CLANG_WARN_INT_CONVERSION = YES;
				CLANG_WARN_NON_LITERAL_NULL_CONVERSION = YES;
				CLANG_WARN_OBJC_IMPLICIT_RETAIN_SELF = YES;
				CLANG_WARN_OBJC_LITERAL_CONVERSION = YES;
				CLANG_WARN_OBJC_ROOT_CLASS = YES_ERROR;
				CLANG_WARN_RANGE_LOOP_ANALYSIS = YES;
				CLANG_WARN_STRICT_PROTOTYPES = YES;
				CLANG_WARN_SUSPICIOUS_MOVE = YES;
				CLANG_WARN_UNGUARDED_AVAILABILITY = YES_AGGRESSIVE;
				CLANG_WARN_UNREACHABLE_CODE = YES;
				CLANG_WARN__DUPLICATE_METHOD_MATCH = YES;
				CODE_SIGN_IDENTITY = "iPhone Developer";
				COPY_PHASE_STRIP = NO;
				DEBUG_INFORMATION_FORMAT = "dwarf-with-dsym";
				ENABLE_NS_ASSERTIONS = NO;
				ENABLE_STRICT_OBJC_MSGSEND = YES;
				GCC_C_LANGUAGE_STANDARD = gnu11;
				GCC_NO_COMMON_BLOCKS = YES;
				GCC_WARN_64_TO_32_BIT_CONVERSION = YES;
				GCC_WARN_ABOUT_RETURN_TYPE = YES_ERROR;
				GCC_WARN_UNDECLARED_SELECTOR = YES;
				GCC_WARN_UNINITIALIZED_AUTOS = YES_AGGRESSIVE;
				GCC_WARN_UNUSED_FUNCTION = YES;
				GCC_WARN_UNUSED_VARIABLE = YES;
				IPHONEOS_DEPLOYMENT_TARGET = 12.2;
				MTL_ENABLE_DEBUG_INFO = NO;
				MTL_FAST_MATH = YES;
				SDKROOT = iphoneos;
				SWIFT_COMPILATION_MODE = wholemodule;
				SWIFT_OPTIMIZATION_LEVEL = "-O";
				VALIDATE_PRODUCT = YES;
			};
			name = Release;
		};
		BD4547CD22E96E7D00AB195D /* Debug */ = {
			isa = XCBuildConfiguration;
			buildSettings = {
				ASSETCATALOG_COMPILER_APPICON_NAME = AppIcon;
				CODE_SIGN_STYLE = Automatic;
				DEVELOPMENT_TEAM = 576T8HK6X4;
				INFOPLIST_FILE = DefinesPresentationContext/Info.plist;
				LD_RUNPATH_SEARCH_PATHS = (
					"$(inherited)",
					"@executable_path/Frameworks",
				);
				PRODUCT_BUNDLE_IDENTIFIER = com.hucet.DefinesPresentationContext;
				PRODUCT_NAME = "$(TARGET_NAME)";
				SWIFT_VERSION = 5.0;
				TARGETED_DEVICE_FAMILY = "1,2";
			};
			name = Debug;
		};
		BD4547CE22E96E7D00AB195D /* Release */ = {
			isa = XCBuildConfiguration;
			buildSettings = {
				ASSETCATALOG_COMPILER_APPICON_NAME = AppIcon;
				CODE_SIGN_STYLE = Automatic;
				DEVELOPMENT_TEAM = 576T8HK6X4;
				INFOPLIST_FILE = DefinesPresentationContext/Info.plist;
				LD_RUNPATH_SEARCH_PATHS = (
					"$(inherited)",
					"@executable_path/Frameworks",
				);
				PRODUCT_BUNDLE_IDENTIFIER = com.hucet.DefinesPresentationContext;
				PRODUCT_NAME = "$(TARGET_NAME)";
				SWIFT_VERSION = 5.0;
				TARGETED_DEVICE_FAMILY = "1,2";
			};
			name = Release;
		};
		BD4547D022E96E7D00AB195D /* Debug */ = {
			isa = XCBuildConfiguration;
			buildSettings = {
				ALWAYS_EMBED_SWIFT_STANDARD_LIBRARIES = YES;
				BUNDLE_LOADER = "$(TEST_HOST)";
				CODE_SIGN_STYLE = Automatic;
				DEVELOPMENT_TEAM = 576T8HK6X4;
				INFOPLIST_FILE = DefinesPresentationContextTests/Info.plist;
				LD_RUNPATH_SEARCH_PATHS = (
					"$(inherited)",
					"@executable_path/Frameworks",
					"@loader_path/Frameworks",
				);
				PRODUCT_BUNDLE_IDENTIFIER = com.hucet.DefinesPresentationContextTests;
				PRODUCT_NAME = "$(TARGET_NAME)";
				SWIFT_VERSION = 5.0;
				TARGETED_DEVICE_FAMILY = "1,2";
				TEST_HOST = "$(BUILT_PRODUCTS_DIR)/DefinesPresentationContext.app/DefinesPresentationContext";
			};
			name = Debug;
		};
		BD4547D122E96E7D00AB195D /* Release */ = {
			isa = XCBuildConfiguration;
			buildSettings = {
				ALWAYS_EMBED_SWIFT_STANDARD_LIBRARIES = YES;
				BUNDLE_LOADER = "$(TEST_HOST)";
				CODE_SIGN_STYLE = Automatic;
				DEVELOPMENT_TEAM = 576T8HK6X4;
				INFOPLIST_FILE = DefinesPresentationContextTests/Info.plist;
				LD_RUNPATH_SEARCH_PATHS = (
					"$(inherited)",
					"@executable_path/Frameworks",
					"@loader_path/Frameworks",
				);
				PRODUCT_BUNDLE_IDENTIFIER = com.hucet.DefinesPresentationContextTests;
				PRODUCT_NAME = "$(TARGET_NAME)";
				SWIFT_VERSION = 5.0;
				TARGETED_DEVICE_FAMILY = "1,2";
				TEST_HOST = "$(BUILT_PRODUCTS_DIR)/DefinesPresentationContext.app/DefinesPresentationContext";
			};
			name = Release;
		};
/* End XCBuildConfiguration section */

/* Begin XCConfigurationList section */
		BD4547A722E96E7A00AB195D /* Build configuration list for PBXProject "DefinesPresentationContext" */ = {
			isa = XCConfigurationList;
			buildConfigurations = (
				BD4547CA22E96E7D00AB195D /* Debug */,
				BD4547CB22E96E7D00AB195D /* Release */,
			);
			defaultConfigurationIsVisible = 0;
			defaultConfigurationName = Release;
		};
		BD4547CC22E96E7D00AB195D /* Build configuration list for PBXNativeTarget "DefinesPresentationContext" */ = {
			isa = XCConfigurationList;
			buildConfigurations = (
				BD4547CD22E96E7D00AB195D /* Debug */,
				BD4547CE22E96E7D00AB195D /* Release */,
			);
			defaultConfigurationIsVisible = 0;
			defaultConfigurationName = Release;
		};
		BD4547CF22E96E7D00AB195D /* Build configuration list for PBXNativeTarget "DefinesPresentationContextTests" */ = {
			isa = XCConfigurationList;
			buildConfigurations = (
				BD4547D022E96E7D00AB195D /* Debug */,
				BD4547D122E96E7D00AB195D /* Release */,
			);
			defaultConfigurationIsVisible = 0;
			defaultConfigurationName = Release;
		};
/* End XCConfigurationList section */

/* Begin XCVersionGroup section */
		BD4547B622E96E7A00AB195D /* DefinesPresentationContext.xcdatamodeld */ = {
			isa = XCVersionGroup;
			children = (
				BD4547B722E96E7A00AB195D /* DefinesPresentationContext.xcdatamodel */,
			);
			currentVersion = BD4547B722E96E7A00AB195D /* DefinesPresentationContext.xcdatamodel */;
			path = DefinesPresentationContext.xcdatamodeld;
			sourceTree = "<group>";
			versionGroupType = wrapper.xcdatamodel;
		};
/* End XCVersionGroup section */
	};
	rootObject = BD4547A422E96E7A00AB195D /* Project object */;
}
